
Microsoft Visual Studio Solution File, Format Version 12.00
# Visual Studio Version 17
VisualStudioVersion = 17.9.34607.119
MinimumVisualStudioVersion = 10.0.40219.1
Project("{FAE04EC0-301F-11D3-BF4B-00C04F79EFBC}") = "WpGraphicsfApp", "WpGraphicsfApp\WpGraphicsfApp.csproj", "{1FA51D2D-F5CA-480C-AA55-3C545775CBBE}"
EndProject
Global
	GlobalSection(SolutionConfigurationPlatforms) = preSolution
		Debug|Any CPU = Debug|Any CPU
		Release|Any CPU = Release|Any CPU
	EndGlobalSection
	GlobalSection(ProjectConfigurationPlatforms) = postSolution
		{1FA51D2D-F5CA-480C-AA55-3C545775CBBE}.Debug|Any CPU.ActiveCfg = Debug|Any CPU
		{1FA51D2D-F5CA-480C-AA55-3C545775CBBE}.Debug|Any CPU.Build.0 = Debug|Any CPU
		{1FA51D2D-F5CA-480C-AA55-3C545775CBBE}.Release|Any CPU.ActiveCfg = Release|Any CPU
		{1FA51D2D-F5CA-480C-AA55-3C545775CBBE}.Release|Any CPU.Build.0 = Release|Any CPU
	EndGlobalSection
	GlobalSection(SolutionProperties) = preSolution
		HideSolutionNode = FALSE
	EndGlobalSection
	GlobalSection(ExtensibilityGlobals) = postSolution
		SolutionGuid = {B3AAA639-5B2B-4D36-B96D-ADA47E3C1708}
	EndGlobalSection
EndGlobal
